// !$*UTF8*$!
{
	archiveVersion = 1;
	classes = {
	};
	objectVersion = 46;
	objects = {

/* Begin PBXBuildFile section */
		63EEF879152F35CD007147A8 /* UIKit.framework in Frameworks */ = {isa = PBXBuildFile; fileRef = 63EEF878152F35CD007147A8 /* UIKit.framework */; };
		63EEF87B152F35CD007147A8 /* Foundation.framework in Frameworks */ = {isa = PBXBuildFile; fileRef = 63EEF87A152F35CD007147A8 /* Foundation.framework */; };
		63EEF87D152F35CD007147A8 /* CoreGraphics.framework in Frameworks */ = {isa = PBXBuildFile; fileRef = 63EEF87C152F35CD007147A8 /* CoreGraphics.framework */; };
		63EEF883152F35CD007147A8 /* InfoPlist.strings in Resources */ = {isa = PBXBuildFile; fileRef = 63EEF881152F35CD007147A8 /* InfoPlist.strings */; };
		63EEF885152F35CD007147A8 /* main.m in Sources */ = {isa = PBXBuildFile; fileRef = 63EEF884152F35CD007147A8 /* main.m */; };
		63EEF889152F35CD007147A8 /* AppDelegate.m in Sources */ = {isa = PBXBuildFile; fileRef = 63EEF888152F35CD007147A8 /* AppDelegate.m */; };
		63EEF88C152F35CD007147A8 /* ViewController.m in Sources */ = {isa = PBXBuildFile; fileRef = 63EEF88B152F35CD007147A8 /* ViewController.m */; };
		63EEF88F152F35CD007147A8 /* ViewController.xib in Resources */ = {isa = PBXBuildFile; fileRef = 63EEF88D152F35CD007147A8 /* ViewController.xib */; };
/* End PBXBuildFile section */

/* Begin PBXFileReference section */
		63EEF874152F35CD007147A8 /* AccelDemo.app */ = {isa = PBXFileReference; explicitFileType = wrapper.application; includeInIndex = 0; path = AccelDemo.app; sourceTree = BUILT_PRODUCTS_DIR; };
		63EEF878152F35CD007147A8 /* UIKit.framework */ = {isa = PBXFileReference; lastKnownFileType = wrapper.framework; name = UIKit.framework; path = System/Library/Frameworks/UIKit.framework; sourceTree = SDKROOT; };
		63EEF87A152F35CD007147A8 /* Foundation.framework */ = {isa = PBXFileReference; lastKnownFileType = wrapper.framework; name = Foundation.framework; path = System/Library/Frameworks/Foundation.framework; sourceTree = SDKROOT; };
		63EEF87C152F35CD007147A8 /* CoreGraphics.framework */ = {isa = PBXFileReference; lastKnownFileType = wrapper.framework; name = CoreGraphics.framework; path = System/Library/Frameworks/CoreGraphics.framework; sourceTree = SDKROOT; };
		63EEF880152F35CD007147A8 /* AccelDemo-Info.plist */ = {isa = PBXFileReference; path = "AccelDemo-Info.plist"; sourceTree = "<group>"; };
		63EEF882152F35CD007147A8 /* en */ = {isa = PBXFileReference; lastKnownFileType = text.plist.strings; name = en; path = en.lproj/InfoPlist.strings; sourceTree = "<group>"; };
		63EEF884152F35CD007147A8 /* main.m */ = {isa = PBXFileReference; lastKnownFileType = sourcecode.c.objc; path = main.m; sourceTree = "<group>"; };
		63EEF886152F35CD007147A8 /* AccelDemo-Prefix.pch */ = {isa = PBXFileReference; path = "AccelDemo-Prefix.pch"; sourceTree = "<group>"; };
		63EEF887152F35CD007147A8 /* AppDelegate.h */ = {isa = PBXFileReference; path = AppDelegate.h; sourceTree = "<group>"; };
		63EEF888152F35CD007147A8 /* AppDelegate.m */ = {isa = PBXFileReference; lastKnownFileType = sourcecode.c.objc; path = AppDelegate.m; sourceTree = "<group>"; };
		63EEF88A152F35CD007147A8 /* ViewController.h */ = {isa = PBXFileReference; path = ViewController.h; sourceTree = "<group>"; };
		63EEF88B152F35CD007147A8 /* ViewController.m */ = {isa = PBXFileReference; lastKnownFileType = sourcecode.c.objc; path = ViewController.m; sourceTree = "<group>"; };
		63EEF88E152F35CD007147A8 /* en */ = {isa = PBXFileReference; lastKnownFileType = file.xib; name = en; path = en.lproj/ViewController.xib; sourceTree = "<group>"; };
/* End PBXFileReference section */

/* Begin PBXFrameworksBuildPhase section */
		63EEF871152F35CD007147A8 /* Frameworks */ = {
			isa = PBXFrameworksBuildPhase;
			buildActionMask = 2147483647;
			files = (
				63EEF879152F35CD007147A8 /* UIKit.framework in Frameworks */,
				63EEF87B152F35CD007147A8 /* Foundation.framework in Frameworks */,
				63EEF87D152F35CD007147A8 /* CoreGraphics.framework in Frameworks */,
			);
			runOnlyForDeploymentPostprocessing = 0;
		};
/* End PBXFrameworksBuildPhase section */

/* Begin PBXGroup section */
		63EEF869152F35CD007147A8 = {
			isa = PBXGroup;
			children = (
				63EEF87E152F35CD007147A8 /* AccelDemo */,
				63EEF877152F35CD007147A8 /* Frameworks */,
				63EEF875152F35CD007147A8 /* Products */,
			);
			sourceTree = "<group>";
		};
		63EEF875152F35CD007147A8 /* Products */ = {
			isa = PBXGroup;
			children = (
				63EEF874152F35CD007147A8 /* AccelDemo.app */,
			);
			name = Products;
			sourceTree = "<group>";
		};
		63EEF877152F35CD007147A8 /* Frameworks */ = {
			isa = PBXGroup;
			children = (
				63EEF878152F35CD007147A8 /* UIKit.framework */,
				63EEF87A152F35CD007147A8 /* Foundation.framework */,
				63EEF87C152F35CD007147A8 /* CoreGraphics.framework */,
			);
			name = Frameworks;
			sourceTree = "<group>";
		};
		63EEF87E152F35CD007147A8 /* AccelDemo */ = {
			isa = PBXGroup;
			children = (
				63EEF887152F35CD007147A8 /* AppDelegate.h */,
				63EEF888152F35CD007147A8 /* AppDelegate.m */,
				63EEF88A152F35CD007147A8 /* ViewController.h */,
				63EEF88B152F35CD007147A8 /* ViewController.m */,
				63EEF88D152F35CD007147A8 /* ViewController.xib */,
				63EEF87F152F35CD007147A8 /* Supporting Files */,
			);
			path = AccelDemo;
			sourceTree = "<group>";
		};
		63EEF87F152F35CD007147A8 /* Supporting Files */ = {
			isa = PBXGroup;
			children = (
				63EEF880152F35CD007147A8 /* AccelDemo-Info.plist */,
				63EEF881152F35CD007147A8 /* InfoPlist.strings */,
				63EEF884152F35CD007147A8 /* main.m */,
				63EEF886152F35CD007147A8 /* AccelDemo-Prefix.pch */,
			);
			name = "Supporting Files";
			sourceTree = "<group>";
		};
/* End PBXGroup section */

/* Begin PBXNativeTarget section */
		63EEF873152F35CD007147A8 /* AccelDemo */ = {
			isa = PBXNativeTarget;
			buildConfigurationList = 63EEF892152F35CD007147A8 /* Build configuration list for PBXNativeTarget "AccelDemo" */;
			buildPhases = (
				63EEF870152F35CD007147A8 /* Sources */,
				63EEF871152F35CD007147A8 /* Frameworks */,
				63EEF872152F35CD007147A8 /* Resources */,
			);
			buildRules = (
			);
			dependencies = (
			);
			name = AccelDemo;
			productName = AccelDemo;
			productReference = 63EEF874152F35CD007147A8 /* AccelDemo.app */;
			productType = "com.apple.product-type.application";
		};
/* End PBXNativeTarget section */

/* Begin PBXProject section */
		63EEF86B152F35CD007147A8 /* Project object */ = {
			isa = PBXProject;
			attributes = {
				LastUpgradeCheck = 0420;
				ORGANIZATIONNAME = "Welltime Ltd";
			};
			buildConfigurationList = 63EEF86E152F35CD007147A8 /* Build configuration list for PBXProject "AccelDemo" */;
			compatibilityVersion = "Xcode 3.2";
			developmentRegion = English;
			hasScannedForEncodings = 0;
			knownRegions = (
				en,
			);
			mainGroup = 63EEF869152F35CD007147A8;
			productRefGroup = 63EEF875152F35CD007147A8 /* Products */;
			projectDirPath = "";
			projectRoot = "";
			targets = (
				63EEF873152F35CD007147A8 /* AccelDemo */,
			);
		};
/* End PBXProject section */

/* Begin PBXResourcesBuildPhase section */
		63EEF872152F35CD007147A8 /* Resources */ = {
			isa = PBXResourcesBuildPhase;
			buildActionMask = 2147483647;
			files = (
				63EEF883152F35CD007147A8 /* InfoPlist.strings in Resources */,
				63EEF88F152F35CD007147A8 /* ViewController.xib in Resources */,
			);
			runOnlyForDeploymentPostprocessing = 0;
		};
/* End PBXResourcesBuildPhase section */

/* Begin PBXSourcesBuildPhase section */
		63EEF870152F35CD007147A8 /* Sources */ = {
			isa = PBXSourcesBuildPhase;
			buildActionMask = 2147483647;
			files = (
				63EEF885152F35CD007147A8 /* main.m in Sources */,
				63EEF889152F35CD007147A8 /* AppDelegate.m in Sources */,
				63EEF88C152F35CD007147A8 /* ViewController.m in Sources */,
			);
			runOnlyForDeploymentPostprocessing = 0;
		};
/* End PBXSourcesBuildPhase section */

/* Begin PBXVariantGroup section */
		63EEF881152F35CD007147A8 /* InfoPlist.strings */ = {
			isa = PBXVariantGroup;
			children = (
				63EEF882152F35CD007147A8 /* en */,
			);
			name = InfoPlist.strings;
			sourceTree = "<group>";
		};
		63EEF88D152F35CD007147A8 /* ViewController.xib */ = {
			isa = PBXVariantGroup;
			children = (
				63EEF88E152F35CD007147A8 /* en */,
			);
			name = ViewController.xib;
			sourceTree = "<group>";
		};
/* End PBXVariantGroup section */

/* Begin XCBuildConfiguration section */
		63EEF890152F35CD007147A8 /* Debug */ = {
			isa = XCBuildConfiguration;
			buildSettings = {
				ALWAYS_SEARCH_USER_PATHS = NO;
				ARCHS = "$(ARCHS_STANDARD_32_BIT)";
				CLANG_ENABLE_OBJC_ARC = YES;
				"CODE_SIGN_IDENTITY[sdk=iphoneos*]" = "iPhone Developer";
				COPY_PHASE_STRIP = NO;
				GCC_C_LANGUAGE_STANDARD = gnu99;
				GCC_DYNAMIC_NO_PIC = NO;
				GCC_OPTIMIZATION_LEVEL = 0;
				GCC_PREPROCESSOR_DEFINITIONS = (
					"DEBUG=1",
					"$(inherited)",
				);
				GCC_SYMBOLS_PRIVATE_EXTERN = NO;
				GCC_VERSION = com.apple.compilers.llvm.clang.1_0;
				GCC_WARN_ABOUT_MISSING_PROTOTYPES = YES;
				GCC_WARN_ABOUT_RETURN_TYPE = YES;
				GCC_WARN_UNUSED_VARIABLE = YES;
				IPHONEOS_DEPLOYMENT_TARGET = 5.0;
				SDKROOT = iphoneos;
			};
			name = Debug;
		};
		63EEF891152F35CD007147A8 /* Release */ = {
			isa = XCBuildConfiguration;
			buildSettings = {
				ALWAYS_SEARCH_USER_PATHS = NO;
				ARCHS = "$(ARCHS_STANDARD_32_BIT)";
				CLANG_ENABLE_OBJC_ARC = YES;
				"CODE_SIGN_IDENTITY[sdk=iphoneos*]" = "iPhone Developer";
				COPY_PHASE_STRIP = YES;
				GCC_C_LANGUAGE_STANDARD = gnu99;
				GCC_VERSION = com.apple.compilers.llvm.clang.1_0;
				GCC_WARN_ABOUT_MISSING_PROTOTYPES = YES;
				GCC_WARN_ABOUT_RETURN_TYPE = YES;
				GCC_WARN_UNUSED_VARIABLE = YES;
				IPHONEOS_DEPLOYMENT_TARGET = 5.0;
				OTHER_CFLAGS = "-DNS_BLOCK_ASSERTIONS=1";
				SDKROOT = iphoneos;
				VALIDATE_PRODUCT = YES;
			};
			name = Release;
		};
		63EEF893152F35CD007147A8 /* Debug */ = {
			isa = XCBuildConfiguration;
			buildSettings = {
				GCC_PRECOMPILE_PREFIX_HEADER = YES;
				GCC_PREFIX_HEADER = "AccelDemo/AccelDemo-Prefix.pch";
				INFOPLIST_FILE = "AccelDemo/AccelDemo-Info.plist";
				PRODUCT_NAME = "$(TARGET_NAME)";
				WRAPPER_EXTENSION = app;
			};
			name = Debug;
		};
		63EEF894152F35CD007147A8 /* Release */ = {
			isa = XCBuildConfiguration;
			buildSettings = {
				GCC_PRECOMPILE_PREFIX_HEADER = YES;
				GCC_PREFIX_HEADER = "AccelDemo/AccelDemo-Prefix.pch";
				INFOPLIST_FILE = "AccelDemo/AccelDemo-Info.plist";
				PRODUCT_NAME = "$(TARGET_NAME)";
				WRAPPER_EXTENSION = app;
			};
			name = Release;
		};
/* End XCBuildConfiguration section */

/* Begin XCConfigurationList section */
		63EEF86E152F35CD007147A8 /* Build configuration list for PBXProject "AccelDemo" */ = {
			isa = XCConfigurationList;
			buildConfigurations = (
				63EEF890152F35CD007147A8 /* Debug */,
				63EEF891152F35CD007147A8 /* Release */,
			);
			defaultConfigurationIsVisible = 0;
			defaultConfigurationName = Release;
		};
		63EEF892152F35CD007147A8 /* Build configuration list for PBXNativeTarget "AccelDemo" */ = {
			isa = XCConfigurationList;
			buildConfigurations = (
				63EEF893152F35CD007147A8 /* Debug */,
				63EEF894152F35CD007147A8 /* Release */,
			);
			defaultConfigurationIsVisible = 0;
		};
/* End XCConfigurationList section */
	};
	rootObject = 63EEF86B152F35CD007147A8 /* Project object */;
}
